// !$*UTF8*$!
{
	archiveVersion = 1;
	classes = {
	};
	objectVersion = 50;
	objects = {

/* Begin PBXBuildFile section */
		D98E0F1421426A240066BD7C /* ZYRunTimeCot.framework in Frameworks */ = {isa = PBXBuildFile; fileRef = D98E0F0A21426A240066BD7C /* ZYRunTimeCot.framework */; };
		D98E0F1921426A240066BD7C /* ZYRunTimeCotTests.m in Sources */ = {isa = PBXBuildFile; fileRef = D98E0F1821426A240066BD7C /* ZYRunTimeCotTests.m */; };
		D98E0F1B21426A240066BD7C /* ZYRunTimeCot.h in Headers */ = {isa = PBXBuildFile; fileRef = D98E0F0D21426A240066BD7C /* ZYRunTimeCot.h */; settings = {ATTRIBUTES = (Public, ); }; };
		D98E0F2621426B340066BD7C /* MyTest.h in Headers */ = {isa = PBXBuildFile; fileRef = D98E0F2421426B340066BD7C /* MyTest.h */; };
		D98E0F2721426B340066BD7C /* MyTest.m in Sources */ = {isa = PBXBuildFile; fileRef = D98E0F2521426B340066BD7C /* MyTest.m */; };
/* End PBXBuildFile section */

/* Begin PBXContainerItemProxy section */
		D98E0F1521426A240066BD7C /* PBXContainerItemProxy */ = {
			isa = PBXContainerItemProxy;
			containerPortal = D98E0F0121426A230066BD7C /* Project object */;
			proxyType = 1;
			remoteGlobalIDString = D98E0F0921426A240066BD7C;
			remoteInfo = ZYRunTimeCot;
		};
/* End PBXContainerItemProxy section */

/* Begin PBXFileReference section */
		D98E0F0A21426A240066BD7C /* ZYRunTimeCot.framework */ = {isa = PBXFileReference; explicitFileType = wrapper.framework; includeInIndex = 0; path = ZYRunTimeCot.framework; sourceTree = BUILT_PRODUCTS_DIR; };
		D98E0F0D21426A240066BD7C /* ZYRunTimeCot.h */ = {isa = PBXFileReference; lastKnownFileType = sourcecode.c.h; path = ZYRunTimeCot.h; sourceTree = "<group>"; };
		D98E0F0E21426A240066BD7C /* Info.plist */ = {isa = PBXFileReference; lastKnownFileType = text.plist.xml; path = Info.plist; sourceTree = "<group>"; };
		D98E0F1321426A240066BD7C /* ZYRunTimeCotTests.xctest */ = {isa = PBXFileReference; explicitFileType = wrapper.cfbundle; includeInIndex = 0; path = ZYRunTimeCotTests.xctest; sourceTree = BUILT_PRODUCTS_DIR; };
		D98E0F1821426A240066BD7C /* ZYRunTimeCotTests.m */ = {isa = PBXFileReference; lastKnownFileType = sourcecode.c.objc; path = ZYRunTimeCotTests.m; sourceTree = "<group>"; };
		D98E0F1A21426A240066BD7C /* Info.plist */ = {isa = PBXFileReference; lastKnownFileType = text.plist.xml; path = Info.plist; sourceTree = "<group>"; };
		D98E0F2421426B340066BD7C /* MyTest.h */ = {isa = PBXFileReference; lastKnownFileType = sourcecode.c.h; path = MyTest.h; sourceTree = "<group>"; };
		D98E0F2521426B340066BD7C /* MyTest.m */ = {isa = PBXFileReference; lastKnownFileType = sourcecode.c.objc; path = MyTest.m; sourceTree = "<group>"; };
/* End PBXFileReference section */

/* Begin PBXFrameworksBuildPhase section */
		D98E0F0621426A240066BD7C /* Frameworks */ = {
			isa = PBXFrameworksBuildPhase;
			buildActionMask = 2147483647;
			files = (
			);
			runOnlyForDeploymentPostprocessing = 0;
		};
		D98E0F1021426A240066BD7C /* Frameworks */ = {
			isa = PBXFrameworksBuildPhase;
			buildActionMask = 2147483647;
			files = (
				D98E0F1421426A240066BD7C /* ZYRunTimeCot.framework in Frameworks */,
			);
			runOnlyForDeploymentPostprocessing = 0;
		};
/* End PBXFrameworksBuildPhase section */

/* Begin PBXGroup section */
		D98E0F0021426A230066BD7C = {
			isa = PBXGroup;
			children = (
				D98E0F0C21426A240066BD7C /* ZYRunTimeCot */,
				D98E0F1721426A240066BD7C /* ZYRunTimeCotTests */,
				D98E0F0B21426A240066BD7C /* Products */,
			);
			sourceTree = "<group>";
		};
		D98E0F0B21426A240066BD7C /* Products */ = {
			isa = PBXGroup;
			children = (
				D98E0F0A21426A240066BD7C /* ZYRunTimeCot.framework */,
				D98E0F1321426A240066BD7C /* ZYRunTimeCotTests.xctest */,
			);
			name = Products;
			sourceTree = "<group>";
		};
		D98E0F0C21426A240066BD7C /* ZYRunTimeCot */ = {
			isa = PBXGroup;
			children = (
				D98E0F0D21426A240066BD7C /* ZYRunTimeCot.h */,
				D98E0F0E21426A240066BD7C /* Info.plist */,
				D98E0F2421426B340066BD7C /* MyTest.h */,
				D98E0F2521426B340066BD7C /* MyTest.m */,
			);
			path = ZYRunTimeCot;
			sourceTree = "<group>";
		};
		D98E0F1721426A240066BD7C /* ZYRunTimeCotTests */ = {
			isa = PBXGroup;
			children = (
				D98E0F1821426A240066BD7C /* ZYRunTimeCotTests.m */,
				D98E0F1A21426A240066BD7C /* Info.plist */,
			);
			path = ZYRunTimeCotTests;
			sourceTree = "<group>";
		};
/* End PBXGroup section */

/* Begin PBXHeadersBuildPhase section */
		D98E0F0721426A240066BD7C /* Headers */ = {
			isa = PBXHeadersBuildPhase;
			buildActionMask = 2147483647;
			files = (
				D98E0F2621426B340066BD7C /* MyTest.h in Headers */,
				D98E0F1B21426A240066BD7C /* ZYRunTimeCot.h in Headers */,
			);
			runOnlyForDeploymentPostprocessing = 0;
		};
/* End PBXHeadersBuildPhase section */

/* Begin PBXNativeTarget section */
		D98E0F0921426A240066BD7C /* ZYRunTimeCot */ = {
			isa = PBXNativeTarget;
			buildConfigurationList = D98E0F1E21426A240066BD7C /* Build configuration list for PBXNativeTarget "ZYRunTimeCot" */;
			buildPhases = (
				D98E0F0521426A240066BD7C /* Sources */,
				D98E0F0621426A240066BD7C /* Frameworks */,
				D98E0F0721426A240066BD7C /* Headers */,
				D98E0F0821426A240066BD7C /* Resources */,
			);
			buildRules = (
			);
			dependencies = (
			);
			name = ZYRunTimeCot;
			productName = ZYRunTimeCot;
			productReference = D98E0F0A21426A240066BD7C /* ZYRunTimeCot.framework */;
			productType = "com.apple.product-type.framework";
		};
		D98E0F1221426A240066BD7C /* ZYRunTimeCotTests */ = {
			isa = PBXNativeTarget;
			buildConfigurationList = D98E0F2121426A240066BD7C /* Build configuration list for PBXNativeTarget "ZYRunTimeCotTests" */;
			buildPhases = (
				D98E0F0F21426A240066BD7C /* Sources */,
				D98E0F1021426A240066BD7C /* Frameworks */,
				D98E0F1121426A240066BD7C /* Resources */,
			);
			buildRules = (
			);
			dependencies = (
				D98E0F1621426A240066BD7C /* PBXTargetDependency */,
			);
			name = ZYRunTimeCotTests;
			productName = ZYRunTimeCotTests;
			productReference = D98E0F1321426A240066BD7C /* ZYRunTimeCotTests.xctest */;
			productType = "com.apple.product-type.bundle.unit-test";
		};
/* End PBXNativeTarget section */

/* Begin PBXProject section */
		D98E0F0121426A230066BD7C /* Project object */ = {
			isa = PBXProject;
			attributes = {
				LastUpgradeCheck = 0940;
				ORGANIZATIONNAME = "谢伦生";
				TargetAttributes = {
					D98E0F0921426A240066BD7C = {
						CreatedOnToolsVersion = 9.4.1;
					};
					D98E0F1221426A240066BD7C = {
						CreatedOnToolsVersion = 9.4.1;
					};
				};
			};
			buildConfigurationList = D98E0F0421426A230066BD7C /* Build configuration list for PBXProject "ZYRunTimeCot" */;
			compatibilityVersion = "Xcode 9.3";
			developmentRegion = en;
			hasScannedForEncodings = 0;
			knownRegions = (
				en,
			);
			mainGroup = D98E0F0021426A230066BD7C;
			productRefGroup = D98E0F0B21426A240066BD7C /* Products */;
			projectDirPath = "";
			projectRoot = "";
			targets = (
				D98E0F0921426A240066BD7C /* ZYRunTimeCot */,
				D98E0F1221426A240066BD7C /* ZYRunTimeCotTests */,
			);
		};
/* End PBXProject section */

/* Begin PBXResourcesBuildPhase section */
		D98E0F0821426A240066BD7C /* Resources */ = {
			isa = PBXResourcesBuildPhase;
			buildActionMask = 2147483647;
			files = (
			);
			runOnlyForDeploymentPostprocessing = 0;
		};
		D98E0F1121426A240066BD7C /* Resources */ = {
			isa = PBXResourcesBuildPhase;
			buildActionMask = 2147483647;
			files = (
			);
			runOnlyForDeploymentPostprocessing = 0;
		};
/* End PBXResourcesBuildPhase section */

/* Begin PBXSourcesBuildPhase section */
		D98E0F0521426A240066BD7C /* Sources */ = {
			isa = PBXSourcesBuildPhase;
			buildActionMask = 2147483647;
			files = (
				D98E0F2721426B340066BD7C /* MyTest.m in Sources */,
			);
			runOnlyForDeploymentPostprocessing = 0;
		};
		D98E0F0F21426A240066BD7C /* Sources */ = {
			isa = PBXSourcesBuildPhase;
			buildActionMask = 2147483647;
			files = (
				D98E0F1921426A240066BD7C /* ZYRunTimeCotTests.m in Sources */,
			);
			runOnlyForDeploymentPostprocessing = 0;
		};
/* End PBXSourcesBuildPhase section */

/* Begin PBXTargetDependency section */
		D98E0F1621426A240066BD7C /* PBXTargetDependency */ = {
			isa = PBXTargetDependency;
			target = D98E0F0921426A240066BD7C /* ZYRunTimeCot */;
			targetProxy = D98E0F1521426A240066BD7C /* PBXContainerItemProxy */;
		};
/* End PBXTargetDependency section */

/* Begin XCBuildConfiguration section */
		D98E0F1C21426A240066BD7C /* Debug */ = {
			isa = XCBuildConfiguration;
			buildSettings = {
				ALWAYS_SEARCH_USER_PATHS = NO;
				CLANG_ANALYZER_NONNULL = YES;
				CLANG_ANALYZER_NUMBER_OBJECT_CONVERSION = YES_AGGRESSIVE;
				CLANG_CXX_LANGUAGE_STANDARD = "gnu++14";
				CLANG_CXX_LIBRARY = "libc++";
				CLANG_ENABLE_MODULES = YES;
				CLANG_ENABLE_OBJC_ARC = YES;
				CLANG_ENABLE_OBJC_WEAK = YES;
				CLANG_WARN_BLOCK_CAPTURE_AUTORELEASING = YES;
				CLANG_WARN_BOOL_CONVERSION = YES;
				CLANG_WARN_COMMA = YES;
				CLANG_WARN_CONSTANT_CONVERSION = YES;
				CLANG_WARN_DEPRECATED_OBJC_IMPLEMENTATIONS = YES;
				CLANG_WARN_DIRECT_OBJC_ISA_USAGE = YES_ERROR;
				CLANG_WARN_DOCUMENTATION_COMMENTS = YES;
				CLANG_WARN_EMPTY_BODY = YES;
				CLANG_WARN_ENUM_CONVERSION = YES;
				CLANG_WARN_INFINITE_RECURSION = YES;
				CLANG_WARN_INT_CONVERSION = YES;
				CLANG_WARN_NON_LITERAL_NULL_CONVERSION = YES;
				CLANG_WARN_OBJC_IMPLICIT_RETAIN_SELF = YES;
				CLANG_WARN_OBJC_LITERAL_CONVERSION = YES;
				CLANG_WARN_OBJC_ROOT_CLASS = YES_ERROR;
				CLANG_WARN_RANGE_LOOP_ANALYSIS = YES;
				CLANG_WARN_STRICT_PROTOTYPES = YES;
				CLANG_WARN_SUSPICIOUS_MOVE = YES;
				CLANG_WARN_UNGUARDED_AVAILABILITY = YES_AGGRESSIVE;
				CLANG_WARN_UNREACHABLE_CODE = YES;
				CLANG_WARN__DUPLICATE_METHOD_MATCH = YES;
				CODE_SIGN_IDENTITY = "iPhone Developer";
				COPY_PHASE_STRIP = NO;
				CURRENT_PROJECT_VERSION = 1;
				DEBUG_INFORMATION_FORMAT = dwarf;
				ENABLE_STRICT_OBJC_MSGSEND = YES;
				ENABLE_TESTABILITY = YES;
				GCC_C_LANGUAGE_STANDARD = gnu11;
				GCC_DYNAMIC_NO_PIC = NO;
				GCC_NO_COMMON_BLOCKS = YES;
				GCC_OPTIMIZATION_LEVEL = 0;
				GCC_PREPROCESSOR_DEFINITIONS = (
					"DEBUG=1",
					"$(inherited)",
				);
				GCC_WARN_64_TO_32_BIT_CONVERSION = YES;
				GCC_WARN_ABOUT_RETURN_TYPE = YES_ERROR;
				GCC_WARN_UNDECLARED_SELECTOR = YES;
				GCC_WARN_UNINITIALIZED_AUTOS = YES_AGGRESSIVE;
				GCC_WARN_UNUSED_FUNCTION = YES;
				GCC_WARN_UNUSED_VARIABLE = YES;
				IPHONEOS_DEPLOYMENT_TARGET = 11.4;
				MTL_ENABLE_DEBUG_INFO = YES;
				ONLY_ACTIVE_ARCH = YES;
				SDKROOT = iphoneos;
				VERSIONING_SYSTEM = "apple-generic";
				VERSION_INFO_PREFIX = "";
			};
			name = Debug;
		};
		D98E0F1D21426A240066BD7C /* Release */ = {
			isa = XCBuildConfiguration;
			buildSettings = {
				ALWAYS_SEARCH_USER_PATHS = NO;
				CLANG_ANALYZER_NONNULL = YES;
				CLANG_ANALYZER_NUMBER_OBJECT_CONVERSION = YES_AGGRESSIVE;
				CLANG_CXX_LANGUAGE_STANDARD = "gnu++14";
				CLANG_CXX_LIBRARY = "libc++";
				CLANG_ENABLE_MODULES = YES;
				CLANG_ENABLE_OBJC_ARC = YES;
				CLANG_ENABLE_OBJC_WEAK = YES;
				CLANG_WARN_BLOCK_CAPTURE_AUTORELEASING = YES;
				CLANG_WARN_BOOL_CONVERSION = YES;
				CLANG_WARN_COMMA = YES;
				CLANG_WARN_CONSTANT_CONVERSION = YES;
				CLANG_WARN_DEPRECATED_OBJC_IMPLEMENTATIONS = YES;
				CLANG_WARN_DIRECT_OBJC_ISA_USAGE = YES_ERROR;
				CLANG_WARN_DOCUMENTATION_COMMENTS = YES;
				CLANG_WARN_EMPTY_BODY = YES;
				CLANG_WARN_ENUM_CONVERSION = YES;
				CLANG_WARN_INFINITE_RECURSION = YES;
				CLANG_WARN_INT_CONVERSION = YES;
				CLANG_WARN_NON_LITERAL_NULL_CONVERSION = YES;
				CLANG_WARN_OBJC_IMPLICIT_RETAIN_SELF = YES;
				CLANG_WARN_OBJC_LITERAL_CONVERSION = YES;
				CLANG_WARN_OBJC_ROOT_CLASS = YES_ERROR;
				CLANG_WARN_RANGE_LOOP_ANALYSIS = YES;
				CLANG_WARN_STRICT_PROTOTYPES = YES;
				CLANG_WARN_SUSPICIOUS_MOVE = YES;
				CLANG_WARN_UNGUARDED_AVAILABILITY = YES_AGGRESSIVE;
				CLANG_WARN_UNREACHABLE_CODE = YES;
				CLANG_WARN__DUPLICATE_METHOD_MATCH = YES;
				CODE_SIGN_IDENTITY = "iPhone Developer";
				COPY_PHASE_STRIP = NO;
				CURRENT_PROJECT_VERSION = 1;
				DEBUG_INFORMATION_FORMAT = "dwarf-with-dsym";
				ENABLE_NS_ASSERTIONS = NO;
				ENABLE_STRICT_OBJC_MSGSEND = YES;
				GCC_C_LANGUAGE_STANDARD = gnu11;
				GCC_NO_COMMON_BLOCKS = YES;
				GCC_WARN_64_TO_32_BIT_CONVERSION = YES;
				GCC_WARN_ABOUT_RETURN_TYPE = YES_ERROR;
				GCC_WARN_UNDECLARED_SELECTOR = YES;
				GCC_WARN_UNINITIALIZED_AUTOS = YES_AGGRESSIVE;
				GCC_WARN_UNUSED_FUNCTION = YES;
				GCC_WARN_UNUSED_VARIABLE = YES;
				IPHONEOS_DEPLOYMENT_TARGET = 11.4;
				MTL_ENABLE_DEBUG_INFO = NO;
				SDKROOT = iphoneos;
				VALIDATE_PRODUCT = YES;
				VERSIONING_SYSTEM = "apple-generic";
				VERSION_INFO_PREFIX = "";
			};
			name = Release;
		};
		D98E0F1F21426A240066BD7C /* Debug */ = {
			isa = XCBuildConfiguration;
			buildSettings = {
				CODE_SIGN_IDENTITY = "";
				CODE_SIGN_STYLE = Automatic;
				DEFINES_MODULE = YES;
				DYLIB_COMPATIBILITY_VERSION = 1;
				DYLIB_CURRENT_VERSION = 1;
				DYLIB_INSTALL_NAME_BASE = "@rpath";
				INFOPLIST_FILE = ZYRunTimeCot/Info.plist;
				INSTALL_PATH = "$(LOCAL_LIBRARY_DIR)/Frameworks";
				LD_RUNPATH_SEARCH_PATHS = (
					"$(inherited)",
					"@executable_path/Frameworks",
					"@loader_path/Frameworks",
				);
				PRODUCT_BUNDLE_IDENTIFIER = com.xls.ZYRunTimeCot;
				PRODUCT_NAME = "$(TARGET_NAME:c99extidentifier)";
				SKIP_INSTALL = YES;
				TARGETED_DEVICE_FAMILY = "1,2";
			};
			name = Debug;
		};
		D98E0F2021426A240066BD7C /* Release */ = {
			isa = XCBuildConfiguration;
			buildSettings = {
				CODE_SIGN_IDENTITY = "";
				CODE_SIGN_STYLE = Automatic;
				DEFINES_MODULE = YES;
				DYLIB_COMPATIBILITY_VERSION = 1;
				DYLIB_CURRENT_VERSION = 1;
				DYLIB_INSTALL_NAME_BASE = "@rpath";
				INFOPLIST_FILE = ZYRunTimeCot/Info.plist;
				INSTALL_PATH = "$(LOCAL_LIBRARY_DIR)/Frameworks";
				LD_RUNPATH_SEARCH_PATHS = (
					"$(inherited)",
					"@executable_path/Frameworks",
					"@loader_path/Frameworks",
				);
				PRODUCT_BUNDLE_IDENTIFIER = com.xls.ZYRunTimeCot;
				PRODUCT_NAME = "$(TARGET_NAME:c99extidentifier)";
				SKIP_INSTALL = YES;
				TARGETED_DEVICE_FAMILY = "1,2";
			};
			name = Release;
		};
		D98E0F2221426A240066BD7C /* Debug */ = {
			isa = XCBuildConfiguration;
			buildSettings = {
				CODE_SIGN_STYLE = Automatic;
				INFOPLIST_FILE = ZYRunTimeCotTests/Info.plist;
				LD_RUNPATH_SEARCH_PATHS = (
					"$(inherited)",
					"@executable_path/Frameworks",
					"@loader_path/Frameworks",
				);
				PRODUCT_BUNDLE_IDENTIFIER = com.xls.ZYRunTimeCotTests;
				PRODUCT_NAME = "$(TARGET_NAME)";
				TARGETED_DEVICE_FAMILY = "1,2";
			};
			name = Debug;
		};
		D98E0F2321426A240066BD7C /* Release */ = {
			isa = XCBuildConfiguration;
			buildSettings = {
				CODE_SIGN_STYLE = Automatic;
				INFOPLIST_FILE = ZYRunTimeCotTests/Info.plist;
				LD_RUNPATH_SEARCH_PATHS = (
					"$(inherited)",
					"@executable_path/Frameworks",
					"@loader_path/Frameworks",
				);
				PRODUCT_BUNDLE_IDENTIFIER = com.xls.ZYRunTimeCotTests;
				PRODUCT_NAME = "$(TARGET_NAME)";
				TARGETED_DEVICE_FAMILY = "1,2";
			};
			name = Release;
		};
/* End XCBuildConfiguration section */

/* Begin XCConfigurationList section */
		D98E0F0421426A230066BD7C /* Build configuration list for PBXProject "ZYRunTimeCot" */ = {
			isa = XCConfigurationList;
			buildConfigurations = (
				D98E0F1C21426A240066BD7C /* Debug */,
				D98E0F1D21426A240066BD7C /* Release */,
			);
			defaultConfigurationIsVisible = 0;
			defaultConfigurationName = Release;
		};
		D98E0F1E21426A240066BD7C /* Build configuration list for PBXNativeTarget "ZYRunTimeCot" */ = {
			isa = XCConfigurationList;
			buildConfigurations = (
				D98E0F1F21426A240066BD7C /* Debug */,
				D98E0F2021426A240066BD7C /* Release */,
			);
			defaultConfigurationIsVisible = 0;
			defaultConfigurationName = Release;
		};
		D98E0F2121426A240066BD7C /* Build configuration list for PBXNativeTarget "ZYRunTimeCotTests" */ = {
			isa = XCConfigurationList;
			buildConfigurations = (
				D98E0F2221426A240066BD7C /* Debug */,
				D98E0F2321426A240066BD7C /* Release */,
			);
			defaultConfigurationIsVisible = 0;
			defaultConfigurationName = Release;
		};
/* End XCConfigurationList section */
	};
	rootObject = D98E0F0121426A230066BD7C /* Project object */;
}
